
Microsoft Visual Studio Solution File, Format Version 12.00
# Visual Studio Version 17
VisualStudioVersion = 17.0.32112.339
MinimumVisualStudioVersion = 10.0.40219.1
Project("{FAE04EC0-301F-11D3-BF4B-00C04F79EFBC}") = "Koda Radio", "Test app\Koda Radio.csproj", "{AE553067-D846-44C6-BC85-70AABEB00813}"
EndProject
Global
	GlobalSection(SolutionConfigurationPlatforms) = preSolution
		Debug|Any CPU = Debug|Any CPU
		Release|Any CPU = Release|Any CPU
	EndGlobalSection
	GlobalSection(ProjectConfigurationPlatforms) = postSolution
		{AE553067-D846-44C6-BC85-70AABEB00813}.Debug|Any CPU.ActiveCfg = Debug|Any CPU
		{AE553067-D846-44C6-BC85-70AABEB00813}.Debug|Any CPU.Build.0 = Debug|Any CPU
		{AE553067-D846-44C6-BC85-70AABEB00813}.Release|Any CPU.ActiveCfg = Release|Any CPU
		{AE553067-D846-44C6-BC85-70AABEB00813}.Release|Any CPU.Build.0 = Release|Any CPU
	EndGlobalSection
	GlobalSection(SolutionProperties) = preSolution
		HideSolutionNode = FALSE
	EndGlobalSection
	GlobalSection(ExtensibilityGlobals) = postSolution
		SolutionGuid = {215EF3FB-D648-41C2-87B9-4248F40CBD79}
	EndGlobalSection
EndGlobal
